
Microsoft Visual Studio Solution File, Format Version 12.00
# Visual Studio Version 17
VisualStudioVersion = 17.7.34202.233
MinimumVisualStudioVersion = 10.0.40219.1
Project("{FAE04EC0-301F-11D3-BF4B-00C04F79EFBC}") = "Blogs", "Blogs\Blogs.csproj", "{11AA499F-4BFC-43E8-B720-2F02920D210A}"
EndProject
Global
	GlobalSection(SolutionConfigurationPlatforms) = preSolution
		Debug|Any CPU = Debug|Any CPU
		Release|Any CPU = Release|Any CPU
	EndGlobalSection
	GlobalSection(ProjectConfigurationPlatforms) = postSolution
		{11AA499F-4BFC-43E8-B720-2F02920D210A}.Debug|Any CPU.ActiveCfg = Debug|Any CPU
		{11AA499F-4BFC-43E8-B720-2F02920D210A}.Debug|Any CPU.Build.0 = Debug|Any CPU
		{11AA499F-4BFC-43E8-B720-2F02920D210A}.Release|Any CPU.ActiveCfg = Release|Any CPU
		{11AA499F-4BFC-43E8-B720-2F02920D210A}.Release|Any CPU.Build.0 = Release|Any CPU
	EndGlobalSection
	GlobalSection(SolutionProperties) = preSolution
		HideSolutionNode = FALSE
	EndGlobalSection
	GlobalSection(ExtensibilityGlobals) = postSolution
		SolutionGuid = {25619CA9-C4FE-4990-9D0D-6620C6682522}
	EndGlobalSection
EndGlobal
